
Microsoft Visual Studio Solution File, Format Version 12.00
# Visual Studio Version 16
VisualStudioVersion = 16.0.30330.147
MinimumVisualStudioVersion = 10.0.40219.1
Project("{9A19103F-16F7-4668-BE54-9A1E7A4F7556}") = "WorkerHub", "WorkerHub\WorkerHub.csproj", "{1846D373-2992-4549-A145-BF5AE70DA1BA}"
EndProject
Global
	GlobalSection(SolutionConfigurationPlatforms) = preSolution
		Debug|Any CPU = Debug|Any CPU
		Release|Any CPU = Release|Any CPU
	EndGlobalSection
	GlobalSection(ProjectConfigurationPlatforms) = postSolution
		{1846D373-2992-4549-A145-BF5AE70DA1BA}.Debug|Any CPU.ActiveCfg = Debug|Any CPU
		{1846D373-2992-4549-A145-BF5AE70DA1BA}.Debug|Any CPU.Build.0 = Debug|Any CPU
		{1846D373-2992-4549-A145-BF5AE70DA1BA}.Release|Any CPU.ActiveCfg = Release|Any CPU
		{1846D373-2992-4549-A145-BF5AE70DA1BA}.Release|Any CPU.Build.0 = Release|Any CPU
	EndGlobalSection
	GlobalSection(SolutionProperties) = preSolution
		HideSolutionNode = FALSE
	EndGlobalSection
	GlobalSection(ExtensibilityGlobals) = postSolution
		SolutionGuid = {C6F2922B-7B4A-43FD-BE95-EC3D2205A7C4}
	EndGlobalSection
EndGlobal
